
Microsoft Visual Studio Solution File, Format Version 12.00
# Visual Studio Version 17
VisualStudioVersion = 17.8.34322.80
MinimumVisualStudioVersion = 10.0.40219.1
Project("{FAE04EC0-301F-11D3-BF4B-00C04F79EFBC}") = "Presentation Layer - DVLDProject", "Presentation Layer - DVLDProject.csproj", "{71F7B444-F03A-4271-88AF-C5ABA16B45E5}"
EndProject
Project("{FAE04EC0-301F-11D3-BF4B-00C04F79EFBC}") = "Business Layer - DVLDProject", "Business Layer - DVLDProject\Business Layer - DVLDProject.csproj", "{91EF1D04-AC94-42E4-9717-EE3713D7912B}"
EndProject
Project("{FAE04EC0-301F-11D3-BF4B-00C04F79EFBC}") = "Data Layer - DVLDProject", "Data Layer - DVLDProject\Data Layer - DVLDProject.csproj", "{64810C3D-BA79-4058-8365-3C94E8FEDC21}"
EndProject
Global
	GlobalSection(SolutionConfigurationPlatforms) = preSolution
		Debug|Any CPU = Debug|Any CPU
		Release|Any CPU = Release|Any CPU
	EndGlobalSection
	GlobalSection(ProjectConfigurationPlatforms) = postSolution
		{71F7B444-F03A-4271-88AF-C5ABA16B45E5}.Debug|Any CPU.ActiveCfg = Debug|Any CPU
		{71F7B444-F03A-4271-88AF-C5ABA16B45E5}.Debug|Any CPU.Build.0 = Debug|Any CPU
		{71F7B444-F03A-4271-88AF-C5ABA16B45E5}.Release|Any CPU.ActiveCfg = Release|Any CPU
		{71F7B444-F03A-4271-88AF-C5ABA16B45E5}.Release|Any CPU.Build.0 = Release|Any CPU
		{91EF1D04-AC94-42E4-9717-EE3713D7912B}.Debug|Any CPU.ActiveCfg = Debug|Any CPU
		{91EF1D04-AC94-42E4-9717-EE3713D7912B}.Debug|Any CPU.Build.0 = Debug|Any CPU
		{91EF1D04-AC94-42E4-9717-EE3713D7912B}.Release|Any CPU.ActiveCfg = Release|Any CPU
		{91EF1D04-AC94-42E4-9717-EE3713D7912B}.Release|Any CPU.Build.0 = Release|Any CPU
		{64810C3D-BA79-4058-8365-3C94E8FEDC21}.Debug|Any CPU.ActiveCfg = Debug|Any CPU
		{64810C3D-BA79-4058-8365-3C94E8FEDC21}.Debug|Any CPU.Build.0 = Debug|Any CPU
		{64810C3D-BA79-4058-8365-3C94E8FEDC21}.Release|Any CPU.ActiveCfg = Release|Any CPU
		{64810C3D-BA79-4058-8365-3C94E8FEDC21}.Release|Any CPU.Build.0 = Release|Any CPU
	EndGlobalSection
	GlobalSection(SolutionProperties) = preSolution
		HideSolutionNode = FALSE
	EndGlobalSection
	GlobalSection(ExtensibilityGlobals) = postSolution
		SolutionGuid = {6185FFF4-FDA5-4C44-A524-63B4D1A9E8C0}
	EndGlobalSection
EndGlobal
